// !$*UTF8*$!
{
	archiveVersion = 1;
	classes = {
	};
	objectVersion = 50;
	objects = {

/* Begin PBXBuildFile section */
		173E61A123E97D8400075925 /* AppDelegate.swift in Sources */ = {isa = PBXBuildFile; fileRef = 173E61A023E97D8400075925 /* AppDelegate.swift */; };
		173E61A323E97D8400075925 /* SceneDelegate.swift in Sources */ = {isa = PBXBuildFile; fileRef = 173E61A223E97D8400075925 /* SceneDelegate.swift */; };
		173E61A523E97D8400075925 /* ViewController.swift in Sources */ = {isa = PBXBuildFile; fileRef = 173E61A423E97D8400075925 /* ViewController.swift */; };
		173E61A823E97D8400075925 /* Main.storyboard in Resources */ = {isa = PBXBuildFile; fileRef = 173E61A623E97D8400075925 /* Main.storyboard */; };
		173E61AA23E97D9000075925 /* Assets.xcassets in Resources */ = {isa = PBXBuildFile; fileRef = 173E61A923E97D9000075925 /* Assets.xcassets */; };
		173E61AD23E97D9000075925 /* LaunchScreen.storyboard in Resources */ = {isa = PBXBuildFile; fileRef = 173E61AB23E97D9000075925 /* LaunchScreen.storyboard */; };
		6F701998127B26888FEC93DF /* Pods_Mapping.framework in Frameworks */ = {isa = PBXBuildFile; fileRef = C85ED1053CA79F46F6E512B0 /* Pods_Mapping.framework */; };
/* End PBXBuildFile section */

/* Begin PBXFileReference section */
		173E619D23E97D8400075925 /* Mapping.app */ = {isa = PBXFileReference; explicitFileType = wrapper.application; includeInIndex = 0; path = Mapping.app; sourceTree = BUILT_PRODUCTS_DIR; };
		173E61A023E97D8400075925 /* AppDelegate.swift */ = {isa = PBXFileReference; lastKnownFileType = sourcecode.swift; path = AppDelegate.swift; sourceTree = "<group>"; };
		173E61A223E97D8400075925 /* SceneDelegate.swift */ = {isa = PBXFileReference; lastKnownFileType = sourcecode.swift; path = SceneDelegate.swift; sourceTree = "<group>"; };
		173E61A423E97D8400075925 /* ViewController.swift */ = {isa = PBXFileReference; lastKnownFileType = sourcecode.swift; path = ViewController.swift; sourceTree = "<group>"; };
		173E61A723E97D8400075925 /* Base */ = {isa = PBXFileReference; lastKnownFileType = file.storyboard; name = Base; path = Base.lproj/Main.storyboard; sourceTree = "<group>"; };
		173E61A923E97D9000075925 /* Assets.xcassets */ = {isa = PBXFileReference; lastKnownFileType = folder.assetcatalog; path = Assets.xcassets; sourceTree = "<group>"; };
		173E61AC23E97D9000075925 /* Base */ = {isa = PBXFileReference; lastKnownFileType = file.storyboard; name = Base; path = Base.lproj/LaunchScreen.storyboard; sourceTree = "<group>"; };
		173E61AE23E97D9000075925 /* Info.plist */ = {isa = PBXFileReference; lastKnownFileType = text.plist.xml; path = Info.plist; sourceTree = "<group>"; };
		1E4368A1C9FA4F7AB8881423 /* Pods-Mapping.debug.xcconfig */ = {isa = PBXFileReference; includeInIndex = 1; lastKnownFileType = text.xcconfig; name = "Pods-Mapping.debug.xcconfig"; path = "Target Support Files/Pods-Mapping/Pods-Mapping.debug.xcconfig"; sourceTree = "<group>"; };
		C6AE4E2AA1DF1AAD8FB57F58 /* Pods-Mapping.release.xcconfig */ = {isa = PBXFileReference; includeInIndex = 1; lastKnownFileType = text.xcconfig; name = "Pods-Mapping.release.xcconfig"; path = "Target Support Files/Pods-Mapping/Pods-Mapping.release.xcconfig"; sourceTree = "<group>"; };
		C85ED1053CA79F46F6E512B0 /* Pods_Mapping.framework */ = {isa = PBXFileReference; explicitFileType = wrapper.framework; includeInIndex = 0; path = Pods_Mapping.framework; sourceTree = BUILT_PRODUCTS_DIR; };
/* End PBXFileReference section */

/* Begin PBXFrameworksBuildPhase section */
		173E619A23E97D8400075925 /* Frameworks */ = {
			isa = PBXFrameworksBuildPhase;
			buildActionMask = 2147483647;
			files = (
				6F701998127B26888FEC93DF /* Pods_Mapping.framework in Frameworks */,
			);
			runOnlyForDeploymentPostprocessing = 0;
		};
/* End PBXFrameworksBuildPhase section */

/* Begin PBXGroup section */
		173E619423E97D8400075925 = {
			isa = PBXGroup;
			children = (
				173E619F23E97D8400075925 /* Mapping */,
				173E619E23E97D8400075925 /* Products */,
				E4AD61526C0234E4F1C0C65A /* Pods */,
				3DE6A2508A1AF051951207C9 /* Frameworks */,
			);
			sourceTree = "<group>";
		};
		173E619E23E97D8400075925 /* Products */ = {
			isa = PBXGroup;
			children = (
				173E619D23E97D8400075925 /* Mapping.app */,
			);
			name = Products;
			sourceTree = "<group>";
		};
		173E619F23E97D8400075925 /* Mapping */ = {
			isa = PBXGroup;
			children = (
				173E61A023E97D8400075925 /* AppDelegate.swift */,
				173E61A223E97D8400075925 /* SceneDelegate.swift */,
				173E61A423E97D8400075925 /* ViewController.swift */,
				173E61A623E97D8400075925 /* Main.storyboard */,
				173E61A923E97D9000075925 /* Assets.xcassets */,
				173E61AB23E97D9000075925 /* LaunchScreen.storyboard */,
				173E61AE23E97D9000075925 /* Info.plist */,
			);
			path = Mapping;
			sourceTree = "<group>";
		};
		3DE6A2508A1AF051951207C9 /* Frameworks */ = {
			isa = PBXGroup;
			children = (
				C85ED1053CA79F46F6E512B0 /* Pods_Mapping.framework */,
			);
			name = Frameworks;
			sourceTree = "<group>";
		};
		E4AD61526C0234E4F1C0C65A /* Pods */ = {
			isa = PBXGroup;
			children = (
				1E4368A1C9FA4F7AB8881423 /* Pods-Mapping.debug.xcconfig */,
				C6AE4E2AA1DF1AAD8FB57F58 /* Pods-Mapping.release.xcconfig */,
			);
			name = Pods;
			path = Pods;
			sourceTree = "<group>";
		};
/* End PBXGroup section */

/* Begin PBXNativeTarget section */
		173E619C23E97D8400075925 /* Mapping */ = {
			isa = PBXNativeTarget;
			buildConfigurationList = 173E61B123E97D9000075925 /* Build configuration list for PBXNativeTarget "Mapping" */;
			buildPhases = (
				671D274B0A64C57AC2A9D3A9 /* [CP] Check Pods Manifest.lock */,
				173E619923E97D8400075925 /* Sources */,
				173E619A23E97D8400075925 /* Frameworks */,
				173E619B23E97D8400075925 /* Resources */,
				16B5194F04839888414CBE0D /* [CP] Copy Pods Resources */,
				03E9D3D5898A2807348C50A0 /* [CP] Embed Pods Frameworks */,
			);
			buildRules = (
			);
			dependencies = (
			);
			name = Mapping;
			productName = Mapping;
			productReference = 173E619D23E97D8400075925 /* Mapping.app */;
			productType = "com.apple.product-type.application";
		};
/* End PBXNativeTarget section */

/* Begin PBXProject section */
		173E619523E97D8400075925 /* Project object */ = {
			isa = PBXProject;
			attributes = {
				LastSwiftUpdateCheck = 1110;
				LastUpgradeCheck = 1110;
				ORGANIZATIONNAME = "THOTA NAGARAJU";
				TargetAttributes = {
					173E619C23E97D8400075925 = {
						CreatedOnToolsVersion = 11.1;
					};
				};
			};
			buildConfigurationList = 173E619823E97D8400075925 /* Build configuration list for PBXProject "Mapping" */;
			compatibilityVersion = "Xcode 9.3";
			developmentRegion = en;
			hasScannedForEncodings = 0;
			knownRegions = (
				en,
				Base,
			);
			mainGroup = 173E619423E97D8400075925;
			productRefGroup = 173E619E23E97D8400075925 /* Products */;
			projectDirPath = "";
			projectRoot = "";
			targets = (
				173E619C23E97D8400075925 /* Mapping */,
			);
		};
/* End PBXProject section */

/* Begin PBXResourcesBuildPhase section */
		173E619B23E97D8400075925 /* Resources */ = {
			isa = PBXResourcesBuildPhase;
			buildActionMask = 2147483647;
			files = (
				173E61AD23E97D9000075925 /* LaunchScreen.storyboard in Resources */,
				173E61AA23E97D9000075925 /* Assets.xcassets in Resources */,
				173E61A823E97D8400075925 /* Main.storyboard in Resources */,
			);
			runOnlyForDeploymentPostprocessing = 0;
		};
/* End PBXResourcesBuildPhase section */

/* Begin PBXShellScriptBuildPhase section */
		03E9D3D5898A2807348C50A0 /* [CP] Embed Pods Frameworks */ = {
			isa = PBXShellScriptBuildPhase;
			buildActionMask = 2147483647;
			files = (
			);
			inputFileListPaths = (
				"${PODS_ROOT}/Target Support Files/Pods-Mapping/Pods-Mapping-frameworks-${CONFIGURATION}-input-files.xcfilelist",
			);
			name = "[CP] Embed Pods Frameworks";
			outputFileListPaths = (
				"${PODS_ROOT}/Target Support Files/Pods-Mapping/Pods-Mapping-frameworks-${CONFIGURATION}-output-files.xcfilelist",
			);
			runOnlyForDeploymentPostprocessing = 0;
			shellPath = /bin/sh;
			shellScript = "\"${PODS_ROOT}/Target Support Files/Pods-Mapping/Pods-Mapping-frameworks.sh\"\n";
			showEnvVarsInLog = 0;
		};
		16B5194F04839888414CBE0D /* [CP] Copy Pods Resources */ = {
			isa = PBXShellScriptBuildPhase;
			buildActionMask = 2147483647;
			files = (
			);
			inputFileListPaths = (
				"${PODS_ROOT}/Target Support Files/Pods-Mapping/Pods-Mapping-resources-${CONFIGURATION}-input-files.xcfilelist",
			);
			name = "[CP] Copy Pods Resources";
			outputFileListPaths = (
				"${PODS_ROOT}/Target Support Files/Pods-Mapping/Pods-Mapping-resources-${CONFIGURATION}-output-files.xcfilelist",
			);
			runOnlyForDeploymentPostprocessing = 0;
			shellPath = /bin/sh;
			shellScript = "\"${PODS_ROOT}/Target Support Files/Pods-Mapping/Pods-Mapping-resources.sh\"\n";
			showEnvVarsInLog = 0;
		};
		671D274B0A64C57AC2A9D3A9 /* [CP] Check Pods Manifest.lock */ = {
			isa = PBXShellScriptBuildPhase;
			buildActionMask = 2147483647;
			files = (
			);
			inputFileListPaths = (
			);
			inputPaths = (
				"${PODS_PODFILE_DIR_PATH}/Podfile.lock",
				"${PODS_ROOT}/Manifest.lock",
			);
			name = "[CP] Check Pods Manifest.lock";
			outputFileListPaths = (
			);
			outputPaths = (
				"$(DERIVED_FILE_DIR)/Pods-Mapping-checkManifestLockResult.txt",
			);
			runOnlyForDeploymentPostprocessing = 0;
			shellPath = /bin/sh;
			shellScript = "diff \"${PODS_PODFILE_DIR_PATH}/Podfile.lock\" \"${PODS_ROOT}/Manifest.lock\" > /dev/null\nif [ $? != 0 ] ; then\n    # print error to STDERR\n    echo \"error: The sandbox is not in sync with the Podfile.lock. Run 'pod install' or update your CocoaPods installation.\" >&2\n    exit 1\nfi\n# This output is used by Xcode 'outputs' to avoid re-running this script phase.\necho \"SUCCESS\" > \"${SCRIPT_OUTPUT_FILE_0}\"\n";
			showEnvVarsInLog = 0;
		};
/* End PBXShellScriptBuildPhase section */

/* Begin PBXSourcesBuildPhase section */
		173E619923E97D8400075925 /* Sources */ = {
			isa = PBXSourcesBuildPhase;
			buildActionMask = 2147483647;
			files = (
				173E61A523E97D8400075925 /* ViewController.swift in Sources */,
				173E61A123E97D8400075925 /* AppDelegate.swift in Sources */,
				173E61A323E97D8400075925 /* SceneDelegate.swift in Sources */,
			);
			runOnlyForDeploymentPostprocessing = 0;
		};
/* End PBXSourcesBuildPhase section */

/* Begin PBXVariantGroup section */
		173E61A623E97D8400075925 /* Main.storyboard */ = {
			isa = PBXVariantGroup;
			children = (
				173E61A723E97D8400075925 /* Base */,
			);
			name = Main.storyboard;
			sourceTree = "<group>";
		};
		173E61AB23E97D9000075925 /* LaunchScreen.storyboard */ = {
			isa = PBXVariantGroup;
			children = (
				173E61AC23E97D9000075925 /* Base */,
			);
			name = LaunchScreen.storyboard;
			sourceTree = "<group>";
		};
/* End PBXVariantGroup section */

/* Begin XCBuildConfiguration section */
		173E61AF23E97D9000075925 /* Debug */ = {
			isa = XCBuildConfiguration;
			buildSettings = {
				ALWAYS_SEARCH_USER_PATHS = NO;
				CLANG_ANALYZER_NONNULL = YES;
				CLANG_ANALYZER_NUMBER_OBJECT_CONVERSION = YES_AGGRESSIVE;
				CLANG_CXX_LANGUAGE_STANDARD = "gnu++14";
				CLANG_CXX_LIBRARY = "libc++";
				CLANG_ENABLE_MODULES = YES;
				CLANG_ENABLE_OBJC_ARC = YES;
				CLANG_ENABLE_OBJC_WEAK = YES;
				CLANG_WARN_BLOCK_CAPTURE_AUTORELEASING = YES;
				CLANG_WARN_BOOL_CONVERSION = YES;
				CLANG_WARN_COMMA = YES;
				CLANG_WARN_CONSTANT_CONVERSION = YES;
				CLANG_WARN_DEPRECATED_OBJC_IMPLEMENTATIONS = YES;
				CLANG_WARN_DIRECT_OBJC_ISA_USAGE = YES_ERROR;
				CLANG_WARN_DOCUMENTATION_COMMENTS = YES;
				CLANG_WARN_EMPTY_BODY = YES;
				CLANG_WARN_ENUM_CONVERSION = YES;
				CLANG_WARN_INFINITE_RECURSION = YES;
				CLANG_WARN_INT_CONVERSION = YES;
				CLANG_WARN_NON_LITERAL_NULL_CONVERSION = YES;
				CLANG_WARN_OBJC_IMPLICIT_RETAIN_SELF = YES;
				CLANG_WARN_OBJC_LITERAL_CONVERSION = YES;
				CLANG_WARN_OBJC_ROOT_CLASS = YES_ERROR;
				CLANG_WARN_RANGE_LOOP_ANALYSIS = YES;
				CLANG_WARN_STRICT_PROTOTYPES = YES;
				CLANG_WARN_SUSPICIOUS_MOVE = YES;
				CLANG_WARN_UNGUARDED_AVAILABILITY = YES_AGGRESSIVE;
				CLANG_WARN_UNREACHABLE_CODE = YES;
				CLANG_WARN__DUPLICATE_METHOD_MATCH = YES;
				COPY_PHASE_STRIP = NO;
				DEBUG_INFORMATION_FORMAT = dwarf;
				ENABLE_STRICT_OBJC_MSGSEND = YES;
				ENABLE_TESTABILITY = YES;
				GCC_C_LANGUAGE_STANDARD = gnu11;
				GCC_DYNAMIC_NO_PIC = NO;
				GCC_NO_COMMON_BLOCKS = YES;
				GCC_OPTIMIZATION_LEVEL = 0;
				GCC_PREPROCESSOR_DEFINITIONS = (
					"DEBUG=1",
					"$(inherited)",
				);
				GCC_WARN_64_TO_32_BIT_CONVERSION = YES;
				GCC_WARN_ABOUT_RETURN_TYPE = YES_ERROR;
				GCC_WARN_UNDECLARED_SELECTOR = YES;
				GCC_WARN_UNINITIALIZED_AUTOS = YES_AGGRESSIVE;
				GCC_WARN_UNUSED_FUNCTION = YES;
				GCC_WARN_UNUSED_VARIABLE = YES;
				IPHONEOS_DEPLOYMENT_TARGET = 13.1;
				MTL_ENABLE_DEBUG_INFO = INCLUDE_SOURCE;
				MTL_FAST_MATH = YES;
				ONLY_ACTIVE_ARCH = YES;
				SDKROOT = iphoneos;
				SWIFT_ACTIVE_COMPILATION_CONDITIONS = DEBUG;
				SWIFT_OPTIMIZATION_LEVEL = "-Onone";
			};
			name = Debug;
		};
		173E61B023E97D9000075925 /* Release */ = {
			isa = XCBuildConfiguration;
			buildSettings = {
				ALWAYS_SEARCH_USER_PATHS = NO;
				CLANG_ANALYZER_NONNULL = YES;
				CLANG_ANALYZER_NUMBER_OBJECT_CONVERSION = YES_AGGRESSIVE;
				CLANG_CXX_LANGUAGE_STANDARD = "gnu++14";
				CLANG_CXX_LIBRARY = "libc++";
				CLANG_ENABLE_MODULES = YES;
				CLANG_ENABLE_OBJC_ARC = YES;
				CLANG_ENABLE_OBJC_WEAK = YES;
				CLANG_WARN_BLOCK_CAPTURE_AUTORELEASING = YES;
				CLANG_WARN_BOOL_CONVERSION = YES;
				CLANG_WARN_COMMA = YES;
				CLANG_WARN_CONSTANT_CONVERSION = YES;
				CLANG_WARN_DEPRECATED_OBJC_IMPLEMENTATIONS = YES;
				CLANG_WARN_DIRECT_OBJC_ISA_USAGE = YES_ERROR;
				CLANG_WARN_DOCUMENTATION_COMMENTS = YES;
				CLANG_WARN_EMPTY_BODY = YES;
				CLANG_WARN_ENUM_CONVERSION = YES;
				CLANG_WARN_INFINITE_RECURSION = YES;
				CLANG_WARN_INT_CONVERSION = YES;
				CLANG_WARN_NON_LITERAL_NULL_CONVERSION = YES;
				CLANG_WARN_OBJC_IMPLICIT_RETAIN_SELF = YES;
				CLANG_WARN_OBJC_LITERAL_CONVERSION = YES;
				CLANG_WARN_OBJC_ROOT_CLASS = YES_ERROR;
				CLANG_WARN_RANGE_LOOP_ANALYSIS = YES;
				CLANG_WARN_STRICT_PROTOTYPES = YES;
				CLANG_WARN_SUSPICIOUS_MOVE = YES;
				CLANG_WARN_UNGUARDED_AVAILABILITY = YES_AGGRESSIVE;
				CLANG_WARN_UNREACHABLE_CODE = YES;
				CLANG_WARN__DUPLICATE_METHOD_MATCH = YES;
				COPY_PHASE_STRIP = NO;
				DEBUG_INFORMATION_FORMAT = "dwarf-with-dsym";
				ENABLE_NS_ASSERTIONS = NO;
				ENABLE_STRICT_OBJC_MSGSEND = YES;
				GCC_C_LANGUAGE_STANDARD = gnu11;
				GCC_NO_COMMON_BLOCKS = YES;
				GCC_WARN_64_TO_32_BIT_CONVERSION = YES;
				GCC_WARN_ABOUT_RETURN_TYPE = YES_ERROR;
				GCC_WARN_UNDECLARED_SELECTOR = YES;
				GCC_WARN_UNINITIALIZED_AUTOS = YES_AGGRESSIVE;
				GCC_WARN_UNUSED_FUNCTION = YES;
				GCC_WARN_UNUSED_VARIABLE = YES;
				IPHONEOS_DEPLOYMENT_TARGET = 13.1;
				MTL_ENABLE_DEBUG_INFO = NO;
				MTL_FAST_MATH = YES;
				SDKROOT = iphoneos;
				SWIFT_COMPILATION_MODE = wholemodule;
				SWIFT_OPTIMIZATION_LEVEL = "-O";
				VALIDATE_PRODUCT = YES;
			};
			name = Release;
		};
		173E61B223E97D9000075925 /* Debug */ = {
			isa = XCBuildConfiguration;
			baseConfigurationReference = 1E4368A1C9FA4F7AB8881423 /* Pods-Mapping.debug.xcconfig */;
			buildSettings = {
				ASSETCATALOG_COMPILER_APPICON_NAME = AppIcon;
				CODE_SIGN_STYLE = Automatic;
				INFOPLIST_FILE = Mapping/Info.plist;
				LD_RUNPATH_SEARCH_PATHS = (
					"$(inherited)",
					"@executable_path/Frameworks",
				);
				PRODUCT_BUNDLE_IDENTIFIER = nagathota.Mapping;
				PRODUCT_NAME = "$(TARGET_NAME)";
				SWIFT_VERSION = 5.0;
				TARGETED_DEVICE_FAMILY = "1,2";
			};
			name = Debug;
		};
		173E61B323E97D9000075925 /* Release */ = {
			isa = XCBuildConfiguration;
			baseConfigurationReference = C6AE4E2AA1DF1AAD8FB57F58 /* Pods-Mapping.release.xcconfig */;
			buildSettings = {
				ASSETCATALOG_COMPILER_APPICON_NAME = AppIcon;
				CODE_SIGN_STYLE = Automatic;
				INFOPLIST_FILE = Mapping/Info.plist;
				LD_RUNPATH_SEARCH_PATHS = (
					"$(inherited)",
					"@executable_path/Frameworks",
				);
				PRODUCT_BUNDLE_IDENTIFIER = nagathota.Mapping;
				PRODUCT_NAME = "$(TARGET_NAME)";
				SWIFT_VERSION = 5.0;
				TARGETED_DEVICE_FAMILY = "1,2";
			};
			name = Release;
		};
/* End XCBuildConfiguration section */

/* Begin XCConfigurationList section */
		173E619823E97D8400075925 /* Build configuration list for PBXProject "Mapping" */ = {
			isa = XCConfigurationList;
			buildConfigurations = (
				173E61AF23E97D9000075925 /* Debug */,
				173E61B023E97D9000075925 /* Release */,
			);
			defaultConfigurationIsVisible = 0;
			defaultConfigurationName = Release;
		};
		173E61B123E97D9000075925 /* Build configuration list for PBXNativeTarget "Mapping" */ = {
			isa = XCConfigurationList;
			buildConfigurations = (
				173E61B223E97D9000075925 /* Debug */,
				173E61B323E97D9000075925 /* Release */,
			);
			defaultConfigurationIsVisible = 0;
			defaultConfigurationName = Release;
		};
/* End XCConfigurationList section */
	};
	rootObject = 173E619523E97D8400075925 /* Project object */;
}
